<?xml version="1.0" encoding="utf-8"?>
<Project ToolsVersion="17.0" xmlns="http://schemas.microsoft.com/developer/msbuild/2003">
  <ItemGroup>
    <ClCompile Include="C:\Users\arsbo\source\repos\physics\sources\main\main.cpp">
      <Filter>Source Files</Filter>
    </ClCompile>
    <ClCompile Include="C:\Users\arsbo\source\repos\physics\sources\simulation\base_object.cpp">
      <Filter>Source Files</Filter>
    </ClCompile>
    <ClCompile Include="C:\Users\arsbo\source\repos\physics\sources\simulation\field.cpp">
      <Filter>Source Files</Filter>
    </ClCompile>
    <ClCompile Include="C:\Users\arsbo\source\repos\physics\sources\simulation\base_border.cpp">
      <Filter>Source Files</Filter>
    </ClCompile>
    <ClCompile Include="C:\Users\arsbo\source\repos\physics\sources\simulation\linear_border.cpp">
      <Filter>Source Files</Filter>
    </ClCompile>
  </ItemGroup>
  <ItemGroup>
    <ClInclude Include="C:\Users\arsbo\source\repos\physics\sources\simulation\base_object.hpp">
      <Filter>Header Files</Filter>
    </ClInclude>
    <ClInclude Include="C:\Users\arsbo\source\repos\physics\sources\simulation\field.hpp">
      <Filter>Header Files</Filter>
    </ClInclude>
    <ClInclude Include="C:\Users\arsbo\source\repos\physics\sources\simulation\base_border.hpp">
      <Filter>Header Files</Filter>
    </ClInclude>
    <ClInclude Include="C:\Users\arsbo\source\repos\physics\sources\simulation\linear_border.hpp">
      <Filter>Header Files</Filter>
    </ClInclude>
    <ClInclude Include="C:\Users\arsbo\source\repos\physics\sources\simulation\x_const_border.hpp">
      <Filter>Header Files</Filter>
    </ClInclude>
  </ItemGroup>
  <ItemGroup>
    <CustomBuild Include="C:\Users\arsbo\source\repos\physics\CMakeLists.txt" />
  </ItemGroup>
  <ItemGroup>
    <Filter Include="Header Files">
      <UniqueIdentifier>{7D347DA7-0D93-3113-B15B-299177361D66}</UniqueIdentifier>
    </Filter>
    <Filter Include="Source Files">
      <UniqueIdentifier>{E71424CA-D90F-3A56-8A37-15FED2ADB55D}</UniqueIdentifier>
    </Filter>
  </ItemGroup>
</Project>
